
Microsoft Visual Studio Solution File, Format Version 12.00
# Visual Studio Version 16
VisualStudioVersion = 16.0.31702.278
MinimumVisualStudioVersion = 10.0.40219.1
Project("{2150E333-8FDC-42A3-9474-1A3956D46DE8}") = "Services", "Services", "{684D1234-36E6-4509-9DD0-C387B7C79258}"
EndProject
Project("{2150E333-8FDC-42A3-9474-1A3956D46DE8}") = "Catalog", "Catalog", "{26E187BA-E7E3-4124-B8BB-A5AAF3530CDA}"
EndProject
Project("{9A19103F-16F7-4668-BE54-9A1E7A4F7556}") = "Catalog.API", "Services\Catalog\Catalog.API\Catalog.API.csproj", "{52BD39C8-8A82-452C-BE2B-F2085CF7CE51}"
EndProject
Project("{E53339B2-1760-4266-BCC7-CA923CBCF16C}") = "docker-compose", "docker-compose.dcproj", "{FD27DA0C-4E22-494A-BD6E-9F0F1E59941E}"
EndProject
Project("{2150E333-8FDC-42A3-9474-1A3956D46DE8}") = "Basket", "Basket", "{5E0C4963-8184-45C9-B1C1-D9D370AA30E0}"
EndProject
Project("{9A19103F-16F7-4668-BE54-9A1E7A4F7556}") = "Basket.API", "Services\Basket\Basket.API\Basket.API.csproj", "{66B3DC82-34D4-4E40-866E-B13C044F5582}"
EndProject
Project("{2150E333-8FDC-42A3-9474-1A3956D46DE8}") = "Discount", "Discount", "{BB4B48E8-DB50-4862-804A-4E4C291353AB}"
EndProject
Project("{9A19103F-16F7-4668-BE54-9A1E7A4F7556}") = "Discount.API", "Services\Discount\Discount.API\Discount.API.csproj", "{EA43561A-8819-4EA6-A2B8-8FF398FB9085}"
EndProject
Project("{9A19103F-16F7-4668-BE54-9A1E7A4F7556}") = "Discount.gRPC", "Services\Discount\Discount.gRPC\Discount.gRPC.csproj", "{B1F3DD5C-08F7-41DD-A407-8A6A8364F893}"
EndProject
Project("{2150E333-8FDC-42A3-9474-1A3956D46DE8}") = "Ordering", "Ordering", "{32128350-DA13-4834-A551-4BCB93321476}"
EndProject
Project("{9A19103F-16F7-4668-BE54-9A1E7A4F7556}") = "Ordering.API", "Services\Ordering\Ordering.API\Ordering.API.csproj", "{0F1FA852-B469-4FE5-B81D-CB94DA691999}"
EndProject
Project("{9A19103F-16F7-4668-BE54-9A1E7A4F7556}") = "Ordering.Domain", "Services\Ordering\Ordering.Domain\Ordering.Domain.csproj", "{A807D1BE-C276-430C-9E32-3D31E63F5E96}"
EndProject
Project("{9A19103F-16F7-4668-BE54-9A1E7A4F7556}") = "Ordering.Application", "Services\Ordering\Ordering.Application\Ordering.Application.csproj", "{F73673A4-ACB5-4BD7-9516-541951094C1B}"
EndProject
Project("{9A19103F-16F7-4668-BE54-9A1E7A4F7556}") = "Ordering.Infrastructure", "Services\Ordering\Ordering.Infrastructure\Ordering.Infrastructure.csproj", "{6004373B-D276-4242-BA31-F6951BFBCE9F}"
EndProject
Project("{2150E333-8FDC-42A3-9474-1A3956D46DE8}") = "BuildingBlocks", "BuildingBlocks", "{E14341C9-122B-47C7-B7C6-B1A441C37DA5}"
EndProject
Project("{9A19103F-16F7-4668-BE54-9A1E7A4F7556}") = "EventBus.Messages", "BuildingBlocks\EventBus.Messages\EventBus.Messages.csproj", "{FA821863-616D-4935-B20B-6F7572B9D913}"
EndProject
Project("{2150E333-8FDC-42A3-9474-1A3956D46DE8}") = "APIGateways", "APIGateways", "{E2B29795-48C4-4559-9B0C-D1CC65AD0FB2}"
EndProject
Project("{9A19103F-16F7-4668-BE54-9A1E7A4F7556}") = "OcelotAPIGateway", "APIGateways\OcelotAPIGateway\OcelotAPIGateway.csproj", "{5A950A98-FF82-4930-A4DF-EE31DE383A0C}"
EndProject
Project("{9A19103F-16F7-4668-BE54-9A1E7A4F7556}") = "Shopping.Aggregrator", "APIGateways\Shopping.Aggregrator\Shopping.Aggregrator.csproj", "{9BE6CD1B-D3B2-4870-8E24-491C112D776E}"
EndProject
Project("{2150E333-8FDC-42A3-9474-1A3956D46DE8}") = "WebApps", "WebApps", "{2BDD7A63-83F8-4362-86CB-840E1CC461AF}"
EndProject
Project("{9A19103F-16F7-4668-BE54-9A1E7A4F7556}") = "Shopping.Web", "WebApps\AspnetRunBasics\Shopping.Web.csproj", "{D9BBA043-A7DF-4ECF-8A35-EC19CCB2A8D9}"
EndProject
Global
	GlobalSection(SolutionConfigurationPlatforms) = preSolution
		Debug|Any CPU = Debug|Any CPU
		Release|Any CPU = Release|Any CPU
	EndGlobalSection
	GlobalSection(ProjectConfigurationPlatforms) = postSolution
		{52BD39C8-8A82-452C-BE2B-F2085CF7CE51}.Debug|Any CPU.ActiveCfg = Debug|Any CPU
		{52BD39C8-8A82-452C-BE2B-F2085CF7CE51}.Debug|Any CPU.Build.0 = Debug|Any CPU
		{52BD39C8-8A82-452C-BE2B-F2085CF7CE51}.Release|Any CPU.ActiveCfg = Release|Any CPU
		{52BD39C8-8A82-452C-BE2B-F2085CF7CE51}.Release|Any CPU.Build.0 = Release|Any CPU
		{FD27DA0C-4E22-494A-BD6E-9F0F1E59941E}.Debug|Any CPU.ActiveCfg = Debug|Any CPU
		{FD27DA0C-4E22-494A-BD6E-9F0F1E59941E}.Debug|Any CPU.Build.0 = Debug|Any CPU
		{FD27DA0C-4E22-494A-BD6E-9F0F1E59941E}.Release|Any CPU.ActiveCfg = Release|Any CPU
		{FD27DA0C-4E22-494A-BD6E-9F0F1E59941E}.Release|Any CPU.Build.0 = Release|Any CPU
		{66B3DC82-34D4-4E40-866E-B13C044F5582}.Debug|Any CPU.ActiveCfg = Debug|Any CPU
		{66B3DC82-34D4-4E40-866E-B13C044F5582}.Debug|Any CPU.Build.0 = Debug|Any CPU
		{66B3DC82-34D4-4E40-866E-B13C044F5582}.Release|Any CPU.ActiveCfg = Release|Any CPU
		{66B3DC82-34D4-4E40-866E-B13C044F5582}.Release|Any CPU.Build.0 = Release|Any CPU
		{EA43561A-8819-4EA6-A2B8-8FF398FB9085}.Debug|Any CPU.ActiveCfg = Debug|Any CPU
		{EA43561A-8819-4EA6-A2B8-8FF398FB9085}.Debug|Any CPU.Build.0 = Debug|Any CPU
		{EA43561A-8819-4EA6-A2B8-8FF398FB9085}.Release|Any CPU.ActiveCfg = Release|Any CPU
		{EA43561A-8819-4EA6-A2B8-8FF398FB9085}.Release|Any CPU.Build.0 = Release|Any CPU
		{B1F3DD5C-08F7-41DD-A407-8A6A8364F893}.Debug|Any CPU.ActiveCfg = Debug|Any CPU
		{B1F3DD5C-08F7-41DD-A407-8A6A8364F893}.Debug|Any CPU.Build.0 = Debug|Any CPU
		{B1F3DD5C-08F7-41DD-A407-8A6A8364F893}.Release|Any CPU.ActiveCfg = Release|Any CPU
		{B1F3DD5C-08F7-41DD-A407-8A6A8364F893}.Release|Any CPU.Build.0 = Release|Any CPU
		{0F1FA852-B469-4FE5-B81D-CB94DA691999}.Debug|Any CPU.ActiveCfg = Debug|Any CPU
		{0F1FA852-B469-4FE5-B81D-CB94DA691999}.Debug|Any CPU.Build.0 = Debug|Any CPU
		{0F1FA852-B469-4FE5-B81D-CB94DA691999}.Release|Any CPU.ActiveCfg = Release|Any CPU
		{0F1FA852-B469-4FE5-B81D-CB94DA691999}.Release|Any CPU.Build.0 = Release|Any CPU
		{A807D1BE-C276-430C-9E32-3D31E63F5E96}.Debug|Any CPU.ActiveCfg = Debug|Any CPU
		{A807D1BE-C276-430C-9E32-3D31E63F5E96}.Debug|Any CPU.Build.0 = Debug|Any CPU
		{A807D1BE-C276-430C-9E32-3D31E63F5E96}.Release|Any CPU.ActiveCfg = Release|Any CPU
		{A807D1BE-C276-430C-9E32-3D31E63F5E96}.Release|Any CPU.Build.0 = Release|Any CPU
		{F73673A4-ACB5-4BD7-9516-541951094C1B}.Debug|Any CPU.ActiveCfg = Debug|Any CPU
		{F73673A4-ACB5-4BD7-9516-541951094C1B}.Debug|Any CPU.Build.0 = Debug|Any CPU
		{F73673A4-ACB5-4BD7-9516-541951094C1B}.Release|Any CPU.ActiveCfg = Release|Any CPU
		{F73673A4-ACB5-4BD7-9516-541951094C1B}.Release|Any CPU.Build.0 = Release|Any CPU
		{6004373B-D276-4242-BA31-F6951BFBCE9F}.Debug|Any CPU.ActiveCfg = Debug|Any CPU
		{6004373B-D276-4242-BA31-F6951BFBCE9F}.Debug|Any CPU.Build.0 = Debug|Any CPU
		{6004373B-D276-4242-BA31-F6951BFBCE9F}.Release|Any CPU.ActiveCfg = Release|Any CPU
		{6004373B-D276-4242-BA31-F6951BFBCE9F}.Release|Any CPU.Build.0 = Release|Any CPU
		{FA821863-616D-4935-B20B-6F7572B9D913}.Debug|Any CPU.ActiveCfg = Debug|Any CPU
		{FA821863-616D-4935-B20B-6F7572B9D913}.Debug|Any CPU.Build.0 = Debug|Any CPU
		{FA821863-616D-4935-B20B-6F7572B9D913}.Release|Any CPU.ActiveCfg = Release|Any CPU
		{FA821863-616D-4935-B20B-6F7572B9D913}.Release|Any CPU.Build.0 = Release|Any CPU
		{5A950A98-FF82-4930-A4DF-EE31DE383A0C}.Debug|Any CPU.ActiveCfg = Debug|Any CPU
		{5A950A98-FF82-4930-A4DF-EE31DE383A0C}.Debug|Any CPU.Build.0 = Debug|Any CPU
		{5A950A98-FF82-4930-A4DF-EE31DE383A0C}.Release|Any CPU.ActiveCfg = Release|Any CPU
		{5A950A98-FF82-4930-A4DF-EE31DE383A0C}.Release|Any CPU.Build.0 = Release|Any CPU
		{9BE6CD1B-D3B2-4870-8E24-491C112D776E}.Debug|Any CPU.ActiveCfg = Debug|Any CPU
		{9BE6CD1B-D3B2-4870-8E24-491C112D776E}.Debug|Any CPU.Build.0 = Debug|Any CPU
		{9BE6CD1B-D3B2-4870-8E24-491C112D776E}.Release|Any CPU.ActiveCfg = Release|Any CPU
		{9BE6CD1B-D3B2-4870-8E24-491C112D776E}.Release|Any CPU.Build.0 = Release|Any CPU
		{D9BBA043-A7DF-4ECF-8A35-EC19CCB2A8D9}.Debug|Any CPU.ActiveCfg = Debug|Any CPU
		{D9BBA043-A7DF-4ECF-8A35-EC19CCB2A8D9}.Debug|Any CPU.Build.0 = Debug|Any CPU
		{D9BBA043-A7DF-4ECF-8A35-EC19CCB2A8D9}.Release|Any CPU.ActiveCfg = Release|Any CPU
		{D9BBA043-A7DF-4ECF-8A35-EC19CCB2A8D9}.Release|Any CPU.Build.0 = Release|Any CPU
	EndGlobalSection
	GlobalSection(SolutionProperties) = preSolution
		HideSolutionNode = FALSE
	EndGlobalSection
	GlobalSection(NestedProjects) = preSolution
		{26E187BA-E7E3-4124-B8BB-A5AAF3530CDA} = {684D1234-36E6-4509-9DD0-C387B7C79258}
		{52BD39C8-8A82-452C-BE2B-F2085CF7CE51} = {26E187BA-E7E3-4124-B8BB-A5AAF3530CDA}
		{5E0C4963-8184-45C9-B1C1-D9D370AA30E0} = {684D1234-36E6-4509-9DD0-C387B7C79258}
		{66B3DC82-34D4-4E40-866E-B13C044F5582} = {5E0C4963-8184-45C9-B1C1-D9D370AA30E0}
		{BB4B48E8-DB50-4862-804A-4E4C291353AB} = {684D1234-36E6-4509-9DD0-C387B7C79258}
		{EA43561A-8819-4EA6-A2B8-8FF398FB9085} = {BB4B48E8-DB50-4862-804A-4E4C291353AB}
		{B1F3DD5C-08F7-41DD-A407-8A6A8364F893} = {BB4B48E8-DB50-4862-804A-4E4C291353AB}
		{32128350-DA13-4834-A551-4BCB93321476} = {684D1234-36E6-4509-9DD0-C387B7C79258}
		{0F1FA852-B469-4FE5-B81D-CB94DA691999} = {32128350-DA13-4834-A551-4BCB93321476}
		{A807D1BE-C276-430C-9E32-3D31E63F5E96} = {32128350-DA13-4834-A551-4BCB93321476}
		{F73673A4-ACB5-4BD7-9516-541951094C1B} = {32128350-DA13-4834-A551-4BCB93321476}
		{6004373B-D276-4242-BA31-F6951BFBCE9F} = {32128350-DA13-4834-A551-4BCB93321476}
		{FA821863-616D-4935-B20B-6F7572B9D913} = {E14341C9-122B-47C7-B7C6-B1A441C37DA5}
		{5A950A98-FF82-4930-A4DF-EE31DE383A0C} = {E2B29795-48C4-4559-9B0C-D1CC65AD0FB2}
		{9BE6CD1B-D3B2-4870-8E24-491C112D776E} = {E2B29795-48C4-4559-9B0C-D1CC65AD0FB2}
		{D9BBA043-A7DF-4ECF-8A35-EC19CCB2A8D9} = {2BDD7A63-83F8-4362-86CB-840E1CC461AF}
	EndGlobalSection
	GlobalSection(ExtensibilityGlobals) = postSolution
		SolutionGuid = {C35C0536-FAC8-4A2C-8F2A-6B3FE7415966}
	EndGlobalSection
EndGlobal
