
Microsoft Visual Studio Solution File, Format Version 12.00
# Visual Studio Version 16
VisualStudioVersion = 16.0.31702.278
MinimumVisualStudioVersion = 10.0.40219.1
Project("{2150E333-8FDC-42A3-9474-1A3956D46DE8}") = "Services", "Services", "{684D1234-36E6-4509-9DD0-C387B7C79258}"
EndProject
Project("{2150E333-8FDC-42A3-9474-1A3956D46DE8}") = "Catalog", "Catalog", "{26E187BA-E7E3-4124-B8BB-A5AAF3530CDA}"
EndProject
Project("{9A19103F-16F7-4668-BE54-9A1E7A4F7556}") = "Catalog.API", "Services\Catalog\Catalog.API\Catalog.API.csproj", "{52BD39C8-8A82-452C-BE2B-F2085CF7CE51}"
EndProject
Project("{E53339B2-1760-4266-BCC7-CA923CBCF16C}") = "docker-compose", "docker-compose.dcproj", "{FD27DA0C-4E22-494A-BD6E-9F0F1E59941E}"
EndProject
Project("{2150E333-8FDC-42A3-9474-1A3956D46DE8}") = "Basket", "Basket", "{5E0C4963-8184-45C9-B1C1-D9D370AA30E0}"
EndProject
Project("{9A19103F-16F7-4668-BE54-9A1E7A4F7556}") = "Basket.API", "Services\Basket\Basket.API\Basket.API.csproj", "{66B3DC82-34D4-4E40-866E-B13C044F5582}"
EndProject
Project("{2150E333-8FDC-42A3-9474-1A3956D46DE8}") = "Discount", "Discount", "{BB4B48E8-DB50-4862-804A-4E4C291353AB}"
EndProject
Project("{9A19103F-16F7-4668-BE54-9A1E7A4F7556}") = "Discount.API", "Services\Discount\Discount.API\Discount.API.csproj", "{EA43561A-8819-4EA6-A2B8-8FF398FB9085}"
EndProject
Project("{FAE04EC0-301F-11D3-BF4B-00C04F79EFBC}") = "Discount.gRPC", "Services\Discount\Discount.gRPC\Discount.gRPC.csproj", "{B1F3DD5C-08F7-41DD-A407-8A6A8364F893}"
EndProject
Global
	GlobalSection(SolutionConfigurationPlatforms) = preSolution
		Debug|Any CPU = Debug|Any CPU
		Release|Any CPU = Release|Any CPU
	EndGlobalSection
	GlobalSection(ProjectConfigurationPlatforms) = postSolution
		{52BD39C8-8A82-452C-BE2B-F2085CF7CE51}.Debug|Any CPU.ActiveCfg = Debug|Any CPU
		{52BD39C8-8A82-452C-BE2B-F2085CF7CE51}.Debug|Any CPU.Build.0 = Debug|Any CPU
		{52BD39C8-8A82-452C-BE2B-F2085CF7CE51}.Release|Any CPU.ActiveCfg = Release|Any CPU
		{52BD39C8-8A82-452C-BE2B-F2085CF7CE51}.Release|Any CPU.Build.0 = Release|Any CPU
		{FD27DA0C-4E22-494A-BD6E-9F0F1E59941E}.Debug|Any CPU.ActiveCfg = Debug|Any CPU
		{FD27DA0C-4E22-494A-BD6E-9F0F1E59941E}.Debug|Any CPU.Build.0 = Debug|Any CPU
		{FD27DA0C-4E22-494A-BD6E-9F0F1E59941E}.Release|Any CPU.ActiveCfg = Release|Any CPU
		{FD27DA0C-4E22-494A-BD6E-9F0F1E59941E}.Release|Any CPU.Build.0 = Release|Any CPU
		{66B3DC82-34D4-4E40-866E-B13C044F5582}.Debug|Any CPU.ActiveCfg = Debug|Any CPU
		{66B3DC82-34D4-4E40-866E-B13C044F5582}.Debug|Any CPU.Build.0 = Debug|Any CPU
		{66B3DC82-34D4-4E40-866E-B13C044F5582}.Release|Any CPU.ActiveCfg = Release|Any CPU
		{66B3DC82-34D4-4E40-866E-B13C044F5582}.Release|Any CPU.Build.0 = Release|Any CPU
		{EA43561A-8819-4EA6-A2B8-8FF398FB9085}.Debug|Any CPU.ActiveCfg = Debug|Any CPU
		{EA43561A-8819-4EA6-A2B8-8FF398FB9085}.Debug|Any CPU.Build.0 = Debug|Any CPU
		{EA43561A-8819-4EA6-A2B8-8FF398FB9085}.Release|Any CPU.ActiveCfg = Release|Any CPU
		{EA43561A-8819-4EA6-A2B8-8FF398FB9085}.Release|Any CPU.Build.0 = Release|Any CPU
		{B1F3DD5C-08F7-41DD-A407-8A6A8364F893}.Debug|Any CPU.ActiveCfg = Debug|Any CPU
		{B1F3DD5C-08F7-41DD-A407-8A6A8364F893}.Debug|Any CPU.Build.0 = Debug|Any CPU
		{B1F3DD5C-08F7-41DD-A407-8A6A8364F893}.Release|Any CPU.ActiveCfg = Release|Any CPU
		{B1F3DD5C-08F7-41DD-A407-8A6A8364F893}.Release|Any CPU.Build.0 = Release|Any CPU
	EndGlobalSection
	GlobalSection(SolutionProperties) = preSolution
		HideSolutionNode = FALSE
	EndGlobalSection
	GlobalSection(NestedProjects) = preSolution
		{26E187BA-E7E3-4124-B8BB-A5AAF3530CDA} = {684D1234-36E6-4509-9DD0-C387B7C79258}
		{52BD39C8-8A82-452C-BE2B-F2085CF7CE51} = {26E187BA-E7E3-4124-B8BB-A5AAF3530CDA}
		{5E0C4963-8184-45C9-B1C1-D9D370AA30E0} = {684D1234-36E6-4509-9DD0-C387B7C79258}
		{66B3DC82-34D4-4E40-866E-B13C044F5582} = {5E0C4963-8184-45C9-B1C1-D9D370AA30E0}
		{BB4B48E8-DB50-4862-804A-4E4C291353AB} = {684D1234-36E6-4509-9DD0-C387B7C79258}
		{EA43561A-8819-4EA6-A2B8-8FF398FB9085} = {BB4B48E8-DB50-4862-804A-4E4C291353AB}
		{B1F3DD5C-08F7-41DD-A407-8A6A8364F893} = {BB4B48E8-DB50-4862-804A-4E4C291353AB}
	EndGlobalSection
	GlobalSection(ExtensibilityGlobals) = postSolution
		SolutionGuid = {C35C0536-FAC8-4A2C-8F2A-6B3FE7415966}
	EndGlobalSection
EndGlobal
